
Microsoft Visual Studio Solution File, Format Version 12.00
# Visual Studio Version 17
VisualStudioVersion = 17.7.34024.191
MinimumVisualStudioVersion = 10.0.40219.1
Project("{FAE04EC0-301F-11D3-BF4B-00C04F79EFBC}") = "ArtistPageHW", "ArtistPageHW.csproj", "{D9336C33-5C18-4980-A4A4-B1A981773642}"
EndProject
Global
	GlobalSection(SolutionConfigurationPlatforms) = preSolution
		Debug|Any CPU = Debug|Any CPU
		Release|Any CPU = Release|Any CPU
	EndGlobalSection
	GlobalSection(ProjectConfigurationPlatforms) = postSolution
		{D9336C33-5C18-4980-A4A4-B1A981773642}.Debug|Any CPU.ActiveCfg = Debug|Any CPU
		{D9336C33-5C18-4980-A4A4-B1A981773642}.Debug|Any CPU.Build.0 = Debug|Any CPU
		{D9336C33-5C18-4980-A4A4-B1A981773642}.Release|Any CPU.ActiveCfg = Release|Any CPU
		{D9336C33-5C18-4980-A4A4-B1A981773642}.Release|Any CPU.Build.0 = Release|Any CPU
	EndGlobalSection
	GlobalSection(SolutionProperties) = preSolution
		HideSolutionNode = FALSE
	EndGlobalSection
	GlobalSection(ExtensibilityGlobals) = postSolution
		SolutionGuid = {2483A526-0D30-4EEC-8682-945709154B5F}
	EndGlobalSection
EndGlobal
